{
  "name": "xstate-cpp-generator",
  "version": "1.0.0",
  "lockfileVersion": 1,
  "requires": true,
  "dependencies": {
    "@types/node": {
      "version": "14.14.2",
      "resolved": "http://artifactory.corp.mongodb.com/artifactory/api/npm/npm/@types/node/-/node-14.14.2.tgz",
      "integrity": "sha1-0lKV+eTKWYmixhB1TcAqlyEjXus=",
      "dev": true
    },
    "ansi-regex": {
      "version": "5.0.0",
      "resolved": "http://artifactory.corp.mongodb.com/artifactory/api/npm/npm/ansi-regex/-/ansi-regex-5.0.0.tgz",
      "integrity": "sha1-OIU59VF5vzkznIGvMKZU1p+Hy3U="
    },
    "ansi-styles": {
      "version": "4.3.0",
      "resolved": "http://artifactory.corp.mongodb.com/artifactory/api/npm/npm/ansi-styles/-/ansi-styles-4.3.0.tgz",
      "integrity": "sha1-7dgDYornHATIWuegkG7a00tkiTc=",
      "requires": {
        "color-convert": "^2.0.1"
      }
    },
    "arg": {
      "version": "4.1.3",
      "resolved": "http://artifactory.corp.mongodb.com/artifactory/api/npm/npm/arg/-/arg-4.1.3.tgz",
      "integrity": "sha1-Jp/HrVuOQstjyJbVZmAXJhwUQIk=",
      "dev": true
    },
    "array-unique": {
      "version": "0.3.2",
      "resolved": "http://artifactory.corp.mongodb.com/artifactory/api/npm/npm/array-unique/-/array-unique-0.3.2.tgz",
      "integrity": "sha1-qJS3XUvE9s1nnvMkSp/Y9Gri1Cg="
    },
    "buffer-from": {
      "version": "1.1.1",
      "resolved": "http://artifactory.corp.mongodb.com/artifactory/api/npm/npm/buffer-from/-/buffer-from-1.1.1.tgz",
      "integrity": "sha1-MnE7wCj3XAL9txDXx7zsHyxgcO8=",
      "dev": true
    },
    "chalk": {
      "version": "4.1.0",
      "resolved": "http://artifactory.corp.mongodb.com/artifactory/api/npm/npm/chalk/-/chalk-4.1.0.tgz",
      "integrity": "sha1-ThSHCmGNni7dl92DRf2dncMVZGo=",
      "requires": {
        "ansi-styles": "^4.1.0",
        "supports-color": "^7.1.0"
      }
    },
    "clear": {
      "version": "0.1.0",
      "resolved": "http://artifactory.corp.mongodb.com/artifactory/api/npm/npm/clear/-/clear-0.1.0.tgz",
      "integrity": "sha1-uBseA0N6cWmE/XrJfIfXO9/nBIo="
    },
    "cliui": {
      "version": "7.0.3",
      "resolved": "http://artifactory.corp.mongodb.com/artifactory/api/npm/npm/cliui/-/cliui-7.0.3.tgz",
      "integrity": "sha1-7xgPJsjZv/OSfuUkKL/sIJBCeYE=",
      "requires": {
        "string-width": "^4.2.0",
        "strip-ansi": "^6.0.0",
        "wrap-ansi": "^7.0.0"
      }
    },
    "color-convert": {
      "version": "2.0.1",
      "resolved": "http://artifactory.corp.mongodb.com/artifactory/api/npm/npm/color-convert/-/color-convert-2.0.1.tgz",
      "integrity": "sha1-ctOmjVmMm9s68q0ehPIdiWq9TeM=",
      "requires": {
        "color-name": "~1.1.4"
      }
    },
    "color-name": {
      "version": "1.1.4",
      "resolved": "http://artifactory.corp.mongodb.com/artifactory/api/npm/npm/color-name/-/color-name-1.1.4.tgz",
      "integrity": "sha1-wqCah6y95pVD3m9j+jmVyCbFNqI="
    },
    "commander": {
      "version": "6.1.0",
      "resolved": "http://artifactory.corp.mongodb.com/artifactory/api/npm/npm/commander/-/commander-6.1.0.tgz",
      "integrity": "sha1-+Ncit4EDFBAGtm9Me6HpcxW6dbw="
    },
    "diff": {
      "version": "4.0.2",
      "resolved": "http://artifactory.corp.mongodb.com/artifactory/api/npm/npm/diff/-/diff-4.0.2.tgz",
      "integrity": "sha1-YPOuy4nV+uUgwRqhnvwruYKq3n0=",
      "dev": true
    },
    "emoji-regex": {
      "version": "8.0.0",
      "resolved": "http://artifactory.corp.mongodb.com/artifactory/api/npm/npm/emoji-regex/-/emoji-regex-8.0.0.tgz",
      "integrity": "sha1-6Bj9ac5cz8tARZT4QpY79TFkzDc="
    },
    "escalade": {
      "version": "3.1.1",
      "resolved": "http://artifactory.corp.mongodb.com/artifactory/api/npm/npm/escalade/-/escalade-3.1.1.tgz",
      "integrity": "sha1-2M/ccACWXFoBdLSoLqpcBVJ0LkA="
    },
    "figlet": {
      "version": "1.5.0",
      "resolved": "http://artifactory.corp.mongodb.com/artifactory/api/npm/npm/figlet/-/figlet-1.5.0.tgz",
      "integrity": "sha1-LbTQClhOUVWpYIBjLbkZITw+ADw="
    },
    "get-caller-file": {
      "version": "2.0.5",
      "resolved": "http://artifactory.corp.mongodb.com/artifactory/api/npm/npm/get-caller-file/-/get-caller-file-2.0.5.tgz",
      "integrity": "sha1-T5RBKoLbMvNuOwuXQfipf+sDH34="
    },
    "has-flag": {
      "version": "4.0.0",
      "resolved": "http://artifactory.corp.mongodb.com/artifactory/api/npm/npm/has-flag/-/has-flag-4.0.0.tgz",
      "integrity": "sha1-lEdx/ZyByBJlxNaUGGDaBrtZR5s="
    },
    "inherits": {
      "version": "2.0.3",
      "resolved": "http://artifactory.corp.mongodb.com/artifactory/api/npm/npm/inherits/-/inherits-2.0.3.tgz",
      "integrity": "sha1-Yzwsg+PaQqUC9SRmAiSA9CCCYd4="
    },
    "is-fullwidth-code-point": {
      "version": "3.0.0",
      "resolved": "http://artifactory.corp.mongodb.com/artifactory/api/npm/npm/is-fullwidth-code-point/-/is-fullwidth-code-point-3.0.0.tgz",
      "integrity": "sha1-8Rb4Bk/pCz94RKOJl8C3UFEmnx0="
    },
    "make-error": {
      "version": "1.3.6",
      "resolved": "http://artifactory.corp.mongodb.com/artifactory/api/npm/npm/make-error/-/make-error-1.3.6.tgz",
      "integrity": "sha1-LrLjfqm2fEiR9oShOUeZr0hM96I=",
      "dev": true
    },
    "path": {
      "version": "0.12.7",
      "resolved": "http://artifactory.corp.mongodb.com/artifactory/api/npm/npm/path/-/path-0.12.7.tgz",
      "integrity": "sha1-1NwqUGxM4hl+tIHr/NWzbAFAsQ8=",
      "requires": {
        "process": "^0.11.1",
        "util": "^0.10.3"
      }
    },
    "process": {
      "version": "0.11.10",
      "resolved": "http://artifactory.corp.mongodb.com/artifactory/api/npm/npm/process/-/process-0.11.10.tgz",
      "integrity": "sha1-czIwDoQBYb2j5podHZGn1LwW8YI="
    },
    "require-directory": {
      "version": "2.1.1",
      "resolved": "http://artifactory.corp.mongodb.com/artifactory/api/npm/npm/require-directory/-/require-directory-2.1.1.tgz",
      "integrity": "sha1-jGStX9MNqxyXbiNE/+f3kqam30I="
    },
    "source-map": {
      "version": "0.6.1",
      "resolved": "http://artifactory.corp.mongodb.com/artifactory/api/npm/npm/source-map/-/source-map-0.6.1.tgz",
      "integrity": "sha1-dHIq8y6WFOnCh6jQu95IteLxomM=",
      "dev": true
    },
    "source-map-support": {
      "version": "0.5.19",
      "resolved": "http://artifactory.corp.mongodb.com/artifactory/api/npm/npm/source-map-support/-/source-map-support-0.5.19.tgz",
      "integrity": "sha1-qYti+G3K9PZzmWSMCFKRq56P7WE=",
      "dev": true,
      "requires": {
        "buffer-from": "^1.0.0",
        "source-map": "^0.6.0"
      }
    },
    "squirrelly": {
      "version": "8.0.8",
      "resolved": "http://artifactory.corp.mongodb.com/artifactory/api/npm/npm/squirrelly/-/squirrelly-8.0.8.tgz",
      "integrity": "sha1-1nBGULIXC4BA1d5b/5+mnLYrXg8="
    },
    "string-width": {
      "version": "4.2.0",
      "resolved": "http://artifactory.corp.mongodb.com/artifactory/api/npm/npm/string-width/-/string-width-4.2.0.tgz",
      "integrity": "sha1-lSGCxGzHssMT0VluYjmSvRY7crU=",
      "requires": {
        "emoji-regex": "^8.0.0",
        "is-fullwidth-code-point": "^3.0.0",
        "strip-ansi": "^6.0.0"
      }
    },
    "strip-ansi": {
      "version": "6.0.0",
      "resolved": "http://artifactory.corp.mongodb.com/artifactory/api/npm/npm/strip-ansi/-/strip-ansi-6.0.0.tgz",
      "integrity": "sha1-CxVx3XZpzNTz4G4U7x7tJiJa5TI=",
      "requires": {
        "ansi-regex": "^5.0.0"
      }
    },
    "supports-color": {
      "version": "7.2.0",
      "resolved": "http://artifactory.corp.mongodb.com/artifactory/api/npm/npm/supports-color/-/supports-color-7.2.0.tgz",
      "integrity": "sha1-G33NyzK4E4gBs+R4umpRyqiWSNo=",
      "requires": {
        "has-flag": "^4.0.0"
      }
    },
    "ts-node": {
      "version": "9.0.0",
      "resolved": "http://artifactory.corp.mongodb.com/artifactory/api/npm/npm/ts-node/-/ts-node-9.0.0.tgz",
      "integrity": "sha1-52mdKhEMyMDTuDFxXkF2iGg0YLM=",
      "dev": true,
      "requires": {
        "arg": "^4.1.0",
        "diff": "^4.0.1",
        "make-error": "^1.1.1",
        "source-map-support": "^0.5.17",
        "yn": "3.1.1"
      }
    },
    "typescript": {
      "version": "4.0.3",
      "resolved": "http://artifactory.corp.mongodb.com/artifactory/api/npm/npm/typescript/-/typescript-4.0.3.tgz",
      "integrity": "sha1-FTu9Ro7wdyXB35x36LRT+NNqu6U=",
      "dev": true
    },
    "util": {
      "version": "0.10.4",
      "resolved": "http://artifactory.corp.mongodb.com/artifactory/api/npm/npm/util/-/util-0.10.4.tgz",
      "integrity": "sha1-OqASW/5mikZy3liFfTrOJ+y3aQE=",
      "requires": {
        "inherits": "2.0.3"
      }
    },
    "wrap-ansi": {
      "version": "7.0.0",
      "resolved": "http://artifactory.corp.mongodb.com/artifactory/api/npm/npm/wrap-ansi/-/wrap-ansi-7.0.0.tgz",
      "integrity": "sha1-Z+FFz/UQpqaYS98RUpEdadLrnkM=",
      "requires": {
        "ansi-styles": "^4.0.0",
        "string-width": "^4.1.0",
        "strip-ansi": "^6.0.0"
      }
    },
    "xstate": {
      "version": "4.13.0",
      "resolved": "http://artifactory.corp.mongodb.com/artifactory/api/npm/npm/xstate/-/xstate-4.13.0.tgz",
      "integrity": "sha1-C+Is64uuK8agJfqzMP5EIE12dxw="
    },
    "y18n": {
      "version": "5.0.4",
      "resolved": "http://artifactory.corp.mongodb.com/artifactory/api/npm/npm/y18n/-/y18n-5.0.4.tgz",
      "integrity": "sha1-CrLbid1Yc7XsRoLY5wPoMzc+qJc="
    },
    "yargs": {
      "version": "16.1.0",
      "resolved": "http://artifactory.corp.mongodb.com/artifactory/api/npm/npm/yargs/-/yargs-16.1.0.tgz",
      "integrity": "sha1-/DM/5HkWYOrOWolLOdQvhRzUjyo=",
      "requires": {
        "cliui": "^7.0.2",
        "escalade": "^3.1.1",
        "get-caller-file": "^2.0.5",
        "require-directory": "^2.1.1",
        "string-width": "^4.2.0",
        "y18n": "^5.0.2",
        "yargs-parser": "^20.2.2"
      }
    },
    "yargs-parser": {
      "version": "20.2.3",
      "resolved": "http://artifactory.corp.mongodb.com/artifactory/api/npm/npm/yargs-parser/-/yargs-parser-20.2.3.tgz",
      "integrity": "sha1-kkGbqGe4WMhorPi66b90rw3QziY="
    },
    "yn": {
      "version": "3.1.1",
      "resolved": "http://artifactory.corp.mongodb.com/artifactory/api/npm/npm/yn/-/yn-3.1.1.tgz",
      "integrity": "sha1-HodAGgnXZ8HV6rJqbkwYUYLS61A=",
      "dev": true
    }
  }
}
